
Microsoft Visual Studio Solution File, Format Version 12.00
# Visual Studio 15
VisualStudioVersion = 15.0.26124.0
MinimumVisualStudioVersion = 15.0.26124.0
Project("{FAE04EC0-301F-11D3-BF4B-00C04F79EFBC}") = "Domain", "Domain\Domain.csproj", "{14F77E3D-1B67-4B9C-A9ED-2C69B232AF3B}"
EndProject
Project("{FAE04EC0-301F-11D3-BF4B-00C04F79EFBC}") = "Domain.Tests", "Domain.Tests\Domain.Tests.csproj", "{88FC6A25-D052-4227-B91A-5F2B33007150}"
EndProject
Project("{FAE04EC0-301F-11D3-BF4B-00C04F79EFBC}") = "RestApi", "RestApi\RestApi.csproj", "{F1ADD80F-0D6D-45DC-809B-B0B74F867080}"
EndProject
Global
	GlobalSection(SolutionConfigurationPlatforms) = preSolution
		Debug|Any CPU = Debug|Any CPU
		Debug|x64 = Debug|x64
		Debug|x86 = Debug|x86
		Release|Any CPU = Release|Any CPU
		Release|x64 = Release|x64
		Release|x86 = Release|x86
	EndGlobalSection
	GlobalSection(SolutionProperties) = preSolution
		HideSolutionNode = FALSE
	EndGlobalSection
	GlobalSection(ProjectConfigurationPlatforms) = postSolution
		{14F77E3D-1B67-4B9C-A9ED-2C69B232AF3B}.Debug|Any CPU.ActiveCfg = Debug|Any CPU
		{14F77E3D-1B67-4B9C-A9ED-2C69B232AF3B}.Debug|Any CPU.Build.0 = Debug|Any CPU
		{14F77E3D-1B67-4B9C-A9ED-2C69B232AF3B}.Debug|x64.ActiveCfg = Debug|x64
		{14F77E3D-1B67-4B9C-A9ED-2C69B232AF3B}.Debug|x64.Build.0 = Debug|x64
		{14F77E3D-1B67-4B9C-A9ED-2C69B232AF3B}.Debug|x86.ActiveCfg = Debug|x86
		{14F77E3D-1B67-4B9C-A9ED-2C69B232AF3B}.Debug|x86.Build.0 = Debug|x86
		{14F77E3D-1B67-4B9C-A9ED-2C69B232AF3B}.Release|Any CPU.ActiveCfg = Release|Any CPU
		{14F77E3D-1B67-4B9C-A9ED-2C69B232AF3B}.Release|Any CPU.Build.0 = Release|Any CPU
		{14F77E3D-1B67-4B9C-A9ED-2C69B232AF3B}.Release|x64.ActiveCfg = Release|x64
		{14F77E3D-1B67-4B9C-A9ED-2C69B232AF3B}.Release|x64.Build.0 = Release|x64
		{14F77E3D-1B67-4B9C-A9ED-2C69B232AF3B}.Release|x86.ActiveCfg = Release|x86
		{14F77E3D-1B67-4B9C-A9ED-2C69B232AF3B}.Release|x86.Build.0 = Release|x86
		{88FC6A25-D052-4227-B91A-5F2B33007150}.Debug|Any CPU.ActiveCfg = Debug|Any CPU
		{88FC6A25-D052-4227-B91A-5F2B33007150}.Debug|Any CPU.Build.0 = Debug|Any CPU
		{88FC6A25-D052-4227-B91A-5F2B33007150}.Debug|x64.ActiveCfg = Debug|x64
		{88FC6A25-D052-4227-B91A-5F2B33007150}.Debug|x64.Build.0 = Debug|x64
		{88FC6A25-D052-4227-B91A-5F2B33007150}.Debug|x86.ActiveCfg = Debug|x86
		{88FC6A25-D052-4227-B91A-5F2B33007150}.Debug|x86.Build.0 = Debug|x86
		{88FC6A25-D052-4227-B91A-5F2B33007150}.Release|Any CPU.ActiveCfg = Release|Any CPU
		{88FC6A25-D052-4227-B91A-5F2B33007150}.Release|Any CPU.Build.0 = Release|Any CPU
		{88FC6A25-D052-4227-B91A-5F2B33007150}.Release|x64.ActiveCfg = Release|x64
		{88FC6A25-D052-4227-B91A-5F2B33007150}.Release|x64.Build.0 = Release|x64
		{88FC6A25-D052-4227-B91A-5F2B33007150}.Release|x86.ActiveCfg = Release|x86
		{88FC6A25-D052-4227-B91A-5F2B33007150}.Release|x86.Build.0 = Release|x86
		{F1ADD80F-0D6D-45DC-809B-B0B74F867080}.Debug|Any CPU.ActiveCfg = Debug|Any CPU
		{F1ADD80F-0D6D-45DC-809B-B0B74F867080}.Debug|Any CPU.Build.0 = Debug|Any CPU
		{F1ADD80F-0D6D-45DC-809B-B0B74F867080}.Debug|x64.ActiveCfg = Debug|x64
		{F1ADD80F-0D6D-45DC-809B-B0B74F867080}.Debug|x64.Build.0 = Debug|x64
		{F1ADD80F-0D6D-45DC-809B-B0B74F867080}.Debug|x86.ActiveCfg = Debug|x86
		{F1ADD80F-0D6D-45DC-809B-B0B74F867080}.Debug|x86.Build.0 = Debug|x86
		{F1ADD80F-0D6D-45DC-809B-B0B74F867080}.Release|Any CPU.ActiveCfg = Release|Any CPU
		{F1ADD80F-0D6D-45DC-809B-B0B74F867080}.Release|Any CPU.Build.0 = Release|Any CPU
		{F1ADD80F-0D6D-45DC-809B-B0B74F867080}.Release|x64.ActiveCfg = Release|x64
		{F1ADD80F-0D6D-45DC-809B-B0B74F867080}.Release|x64.Build.0 = Release|x64
		{F1ADD80F-0D6D-45DC-809B-B0B74F867080}.Release|x86.ActiveCfg = Release|x86
		{F1ADD80F-0D6D-45DC-809B-B0B74F867080}.Release|x86.Build.0 = Release|x86
	EndGlobalSection
EndGlobal
